// !$*UTF8*$!
{
	archiveVersion = 1;
	classes = {
	};
	objectVersion = 50;
	objects = {

/* Begin PBXBuildFile section */
		5306188825384A2F00F65799 /* AppDelegate.swift in Sources */ = {isa = PBXBuildFile; fileRef = 5306188725384A2F00F65799 /* AppDelegate.swift */; };
		5306188A25384A2F00F65799 /* SceneDelegate.swift in Sources */ = {isa = PBXBuildFile; fileRef = 5306188925384A2F00F65799 /* SceneDelegate.swift */; };
		5306188C25384A2F00F65799 /* ViewController.swift in Sources */ = {isa = PBXBuildFile; fileRef = 5306188B25384A2F00F65799 /* ViewController.swift */; };
		5306188F25384A2F00F65799 /* Main.storyboard in Resources */ = {isa = PBXBuildFile; fileRef = 5306188D25384A2F00F65799 /* Main.storyboard */; };
		5306189125384A3400F65799 /* Assets.xcassets in Resources */ = {isa = PBXBuildFile; fileRef = 5306189025384A3400F65799 /* Assets.xcassets */; };
		5306189425384A3400F65799 /* LaunchScreen.storyboard in Resources */ = {isa = PBXBuildFile; fileRef = 5306189225384A3400F65799 /* LaunchScreen.storyboard */; };
		5306189C25384F0600F65799 /* Repository.swift in Sources */ = {isa = PBXBuildFile; fileRef = 5306189B25384F0600F65799 /* Repository.swift */; };
		5306189E2538540900F65799 /* NetworkService.swift in Sources */ = {isa = PBXBuildFile; fileRef = 5306189D2538540900F65799 /* NetworkService.swift */; };
/* End PBXBuildFile section */

/* Begin PBXFileReference section */
		5306188425384A2F00F65799 /* GitHub-Repos.app */ = {isa = PBXFileReference; explicitFileType = wrapper.application; includeInIndex = 0; path = "GitHub-Repos.app"; sourceTree = BUILT_PRODUCTS_DIR; };
		5306188725384A2F00F65799 /* AppDelegate.swift */ = {isa = PBXFileReference; lastKnownFileType = sourcecode.swift; path = AppDelegate.swift; sourceTree = "<group>"; };
		5306188925384A2F00F65799 /* SceneDelegate.swift */ = {isa = PBXFileReference; lastKnownFileType = sourcecode.swift; path = SceneDelegate.swift; sourceTree = "<group>"; };
		5306188B25384A2F00F65799 /* ViewController.swift */ = {isa = PBXFileReference; lastKnownFileType = sourcecode.swift; path = ViewController.swift; sourceTree = "<group>"; };
		5306188E25384A2F00F65799 /* Base */ = {isa = PBXFileReference; lastKnownFileType = file.storyboard; name = Base; path = Base.lproj/Main.storyboard; sourceTree = "<group>"; };
		5306189025384A3400F65799 /* Assets.xcassets */ = {isa = PBXFileReference; lastKnownFileType = folder.assetcatalog; path = Assets.xcassets; sourceTree = "<group>"; };
		5306189325384A3400F65799 /* Base */ = {isa = PBXFileReference; lastKnownFileType = file.storyboard; name = Base; path = Base.lproj/LaunchScreen.storyboard; sourceTree = "<group>"; };
		5306189525384A3400F65799 /* Info.plist */ = {isa = PBXFileReference; lastKnownFileType = text.plist.xml; path = Info.plist; sourceTree = "<group>"; };
		5306189B25384F0600F65799 /* Repository.swift */ = {isa = PBXFileReference; lastKnownFileType = sourcecode.swift; path = Repository.swift; sourceTree = "<group>"; };
		5306189D2538540900F65799 /* NetworkService.swift */ = {isa = PBXFileReference; lastKnownFileType = sourcecode.swift; path = NetworkService.swift; sourceTree = "<group>"; };
/* End PBXFileReference section */

/* Begin PBXFrameworksBuildPhase section */
		5306188125384A2F00F65799 /* Frameworks */ = {
			isa = PBXFrameworksBuildPhase;
			buildActionMask = 2147483647;
			files = (
			);
			runOnlyForDeploymentPostprocessing = 0;
		};
/* End PBXFrameworksBuildPhase section */

/* Begin PBXGroup section */
		5306187B25384A2F00F65799 = {
			isa = PBXGroup;
			children = (
				5306188625384A2F00F65799 /* GitHub-Repos */,
				5306188525384A2F00F65799 /* Products */,
			);
			sourceTree = "<group>";
		};
		5306188525384A2F00F65799 /* Products */ = {
			isa = PBXGroup;
			children = (
				5306188425384A2F00F65799 /* GitHub-Repos.app */,
			);
			name = Products;
			sourceTree = "<group>";
		};
		5306188625384A2F00F65799 /* GitHub-Repos */ = {
			isa = PBXGroup;
			children = (
				5306188725384A2F00F65799 /* AppDelegate.swift */,
				5306188925384A2F00F65799 /* SceneDelegate.swift */,
				5306189B25384F0600F65799 /* Repository.swift */,
				5306188B25384A2F00F65799 /* ViewController.swift */,
				5306189D2538540900F65799 /* NetworkService.swift */,
				5306188D25384A2F00F65799 /* Main.storyboard */,
				5306189025384A3400F65799 /* Assets.xcassets */,
				5306189225384A3400F65799 /* LaunchScreen.storyboard */,
				5306189525384A3400F65799 /* Info.plist */,
			);
			path = "GitHub-Repos";
			sourceTree = "<group>";
		};
/* End PBXGroup section */

/* Begin PBXNativeTarget section */
		5306188325384A2F00F65799 /* GitHub-Repos */ = {
			isa = PBXNativeTarget;
			buildConfigurationList = 5306189825384A3400F65799 /* Build configuration list for PBXNativeTarget "GitHub-Repos" */;
			buildPhases = (
				5306188025384A2F00F65799 /* Sources */,
				5306188125384A2F00F65799 /* Frameworks */,
				5306188225384A2F00F65799 /* Resources */,
			);
			buildRules = (
			);
			dependencies = (
			);
			name = "GitHub-Repos";
			productName = "GitHub-Repos";
			productReference = 5306188425384A2F00F65799 /* GitHub-Repos.app */;
			productType = "com.apple.product-type.application";
		};
/* End PBXNativeTarget section */

/* Begin PBXProject section */
		5306187C25384A2F00F65799 /* Project object */ = {
			isa = PBXProject;
			attributes = {
				LastSwiftUpdateCheck = 1130;
				LastUpgradeCheck = 1130;
				ORGANIZATIONNAME = "Oleksandr Myronovych";
				TargetAttributes = {
					5306188325384A2F00F65799 = {
						CreatedOnToolsVersion = 11.3.1;
					};
				};
			};
			buildConfigurationList = 5306187F25384A2F00F65799 /* Build configuration list for PBXProject "GitHub-Repos" */;
			compatibilityVersion = "Xcode 9.3";
			developmentRegion = en;
			hasScannedForEncodings = 0;
			knownRegions = (
				en,
				Base,
			);
			mainGroup = 5306187B25384A2F00F65799;
			productRefGroup = 5306188525384A2F00F65799 /* Products */;
			projectDirPath = "";
			projectRoot = "";
			targets = (
				5306188325384A2F00F65799 /* GitHub-Repos */,
			);
		};
/* End PBXProject section */

/* Begin PBXResourcesBuildPhase section */
		5306188225384A2F00F65799 /* Resources */ = {
			isa = PBXResourcesBuildPhase;
			buildActionMask = 2147483647;
			files = (
				5306189425384A3400F65799 /* LaunchScreen.storyboard in Resources */,
				5306189125384A3400F65799 /* Assets.xcassets in Resources */,
				5306188F25384A2F00F65799 /* Main.storyboard in Resources */,
			);
			runOnlyForDeploymentPostprocessing = 0;
		};
/* End PBXResourcesBuildPhase section */

/* Begin PBXSourcesBuildPhase section */
		5306188025384A2F00F65799 /* Sources */ = {
			isa = PBXSourcesBuildPhase;
			buildActionMask = 2147483647;
			files = (
				5306189E2538540900F65799 /* NetworkService.swift in Sources */,
				5306188C25384A2F00F65799 /* ViewController.swift in Sources */,
				5306188825384A2F00F65799 /* AppDelegate.swift in Sources */,
				5306188A25384A2F00F65799 /* SceneDelegate.swift in Sources */,
				5306189C25384F0600F65799 /* Repository.swift in Sources */,
			);
			runOnlyForDeploymentPostprocessing = 0;
		};
/* End PBXSourcesBuildPhase section */

/* Begin PBXVariantGroup section */
		5306188D25384A2F00F65799 /* Main.storyboard */ = {
			isa = PBXVariantGroup;
			children = (
				5306188E25384A2F00F65799 /* Base */,
			);
			name = Main.storyboard;
			sourceTree = "<group>";
		};
		5306189225384A3400F65799 /* LaunchScreen.storyboard */ = {
			isa = PBXVariantGroup;
			children = (
				5306189325384A3400F65799 /* Base */,
			);
			name = LaunchScreen.storyboard;
			sourceTree = "<group>";
		};
/* End PBXVariantGroup section */

/* Begin XCBuildConfiguration section */
		5306189625384A3400F65799 /* Debug */ = {
			isa = XCBuildConfiguration;
			buildSettings = {
				ALWAYS_SEARCH_USER_PATHS = NO;
				CLANG_ANALYZER_NONNULL = YES;
				CLANG_ANALYZER_NUMBER_OBJECT_CONVERSION = YES_AGGRESSIVE;
				CLANG_CXX_LANGUAGE_STANDARD = "gnu++14";
				CLANG_CXX_LIBRARY = "libc++";
				CLANG_ENABLE_MODULES = YES;
				CLANG_ENABLE_OBJC_ARC = YES;
				CLANG_ENABLE_OBJC_WEAK = YES;
				CLANG_WARN_BLOCK_CAPTURE_AUTORELEASING = YES;
				CLANG_WARN_BOOL_CONVERSION = YES;
				CLANG_WARN_COMMA = YES;
				CLANG_WARN_CONSTANT_CONVERSION = YES;
				CLANG_WARN_DEPRECATED_OBJC_IMPLEMENTATIONS = YES;
				CLANG_WARN_DIRECT_OBJC_ISA_USAGE = YES_ERROR;
				CLANG_WARN_DOCUMENTATION_COMMENTS = YES;
				CLANG_WARN_EMPTY_BODY = YES;
				CLANG_WARN_ENUM_CONVERSION = YES;
				CLANG_WARN_INFINITE_RECURSION = YES;
				CLANG_WARN_INT_CONVERSION = YES;
				CLANG_WARN_NON_LITERAL_NULL_CONVERSION = YES;
				CLANG_WARN_OBJC_IMPLICIT_RETAIN_SELF = YES;
				CLANG_WARN_OBJC_LITERAL_CONVERSION = YES;
				CLANG_WARN_OBJC_ROOT_CLASS = YES_ERROR;
				CLANG_WARN_RANGE_LOOP_ANALYSIS = YES;
				CLANG_WARN_STRICT_PROTOTYPES = YES;
				CLANG_WARN_SUSPICIOUS_MOVE = YES;
				CLANG_WARN_UNGUARDED_AVAILABILITY = YES_AGGRESSIVE;
				CLANG_WARN_UNREACHABLE_CODE = YES;
				CLANG_WARN__DUPLICATE_METHOD_MATCH = YES;
				COPY_PHASE_STRIP = NO;
				DEBUG_INFORMATION_FORMAT = dwarf;
				ENABLE_STRICT_OBJC_MSGSEND = YES;
				ENABLE_TESTABILITY = YES;
				GCC_C_LANGUAGE_STANDARD = gnu11;
				GCC_DYNAMIC_NO_PIC = NO;
				GCC_NO_COMMON_BLOCKS = YES;
				GCC_OPTIMIZATION_LEVEL = 0;
				GCC_PREPROCESSOR_DEFINITIONS = (
					"DEBUG=1",
					"$(inherited)",
				);
				GCC_WARN_64_TO_32_BIT_CONVERSION = YES;
				GCC_WARN_ABOUT_RETURN_TYPE = YES_ERROR;
				GCC_WARN_UNDECLARED_SELECTOR = YES;
				GCC_WARN_UNINITIALIZED_AUTOS = YES_AGGRESSIVE;
				GCC_WARN_UNUSED_FUNCTION = YES;
				GCC_WARN_UNUSED_VARIABLE = YES;
				IPHONEOS_DEPLOYMENT_TARGET = 13.2;
				MTL_ENABLE_DEBUG_INFO = INCLUDE_SOURCE;
				MTL_FAST_MATH = YES;
				ONLY_ACTIVE_ARCH = YES;
				SDKROOT = iphoneos;
				SWIFT_ACTIVE_COMPILATION_CONDITIONS = DEBUG;
				SWIFT_OPTIMIZATION_LEVEL = "-Onone";
			};
			name = Debug;
		};
		5306189725384A3400F65799 /* Release */ = {
			isa = XCBuildConfiguration;
			buildSettings = {
				ALWAYS_SEARCH_USER_PATHS = NO;
				CLANG_ANALYZER_NONNULL = YES;
				CLANG_ANALYZER_NUMBER_OBJECT_CONVERSION = YES_AGGRESSIVE;
				CLANG_CXX_LANGUAGE_STANDARD = "gnu++14";
				CLANG_CXX_LIBRARY = "libc++";
				CLANG_ENABLE_MODULES = YES;
				CLANG_ENABLE_OBJC_ARC = YES;
				CLANG_ENABLE_OBJC_WEAK = YES;
				CLANG_WARN_BLOCK_CAPTURE_AUTORELEASING = YES;
				CLANG_WARN_BOOL_CONVERSION = YES;
				CLANG_WARN_COMMA = YES;
				CLANG_WARN_CONSTANT_CONVERSION = YES;
				CLANG_WARN_DEPRECATED_OBJC_IMPLEMENTATIONS = YES;
				CLANG_WARN_DIRECT_OBJC_ISA_USAGE = YES_ERROR;
				CLANG_WARN_DOCUMENTATION_COMMENTS = YES;
				CLANG_WARN_EMPTY_BODY = YES;
				CLANG_WARN_ENUM_CONVERSION = YES;
				CLANG_WARN_INFINITE_RECURSION = YES;
				CLANG_WARN_INT_CONVERSION = YES;
				CLANG_WARN_NON_LITERAL_NULL_CONVERSION = YES;
				CLANG_WARN_OBJC_IMPLICIT_RETAIN_SELF = YES;
				CLANG_WARN_OBJC_LITERAL_CONVERSION = YES;
				CLANG_WARN_OBJC_ROOT_CLASS = YES_ERROR;
				CLANG_WARN_RANGE_LOOP_ANALYSIS = YES;
				CLANG_WARN_STRICT_PROTOTYPES = YES;
				CLANG_WARN_SUSPICIOUS_MOVE = YES;
				CLANG_WARN_UNGUARDED_AVAILABILITY = YES_AGGRESSIVE;
				CLANG_WARN_UNREACHABLE_CODE = YES;
				CLANG_WARN__DUPLICATE_METHOD_MATCH = YES;
				COPY_PHASE_STRIP = NO;
				DEBUG_INFORMATION_FORMAT = "dwarf-with-dsym";
				ENABLE_NS_ASSERTIONS = NO;
				ENABLE_STRICT_OBJC_MSGSEND = YES;
				GCC_C_LANGUAGE_STANDARD = gnu11;
				GCC_NO_COMMON_BLOCKS = YES;
				GCC_WARN_64_TO_32_BIT_CONVERSION = YES;
				GCC_WARN_ABOUT_RETURN_TYPE = YES_ERROR;
				GCC_WARN_UNDECLARED_SELECTOR = YES;
				GCC_WARN_UNINITIALIZED_AUTOS = YES_AGGRESSIVE;
				GCC_WARN_UNUSED_FUNCTION = YES;
				GCC_WARN_UNUSED_VARIABLE = YES;
				IPHONEOS_DEPLOYMENT_TARGET = 13.2;
				MTL_ENABLE_DEBUG_INFO = NO;
				MTL_FAST_MATH = YES;
				SDKROOT = iphoneos;
				SWIFT_COMPILATION_MODE = wholemodule;
				SWIFT_OPTIMIZATION_LEVEL = "-O";
				VALIDATE_PRODUCT = YES;
			};
			name = Release;
		};
		5306189925384A3400F65799 /* Debug */ = {
			isa = XCBuildConfiguration;
			buildSettings = {
				ASSETCATALOG_COMPILER_APPICON_NAME = AppIcon;
				CODE_SIGN_STYLE = Automatic;
				INFOPLIST_FILE = "GitHub-Repos/Info.plist";
				LD_RUNPATH_SEARCH_PATHS = (
					"$(inherited)",
					"@executable_path/Frameworks",
				);
				PRODUCT_BUNDLE_IDENTIFIER = "me.Myronovych.Oleksandr.GitHub-Repos";
				PRODUCT_NAME = "$(TARGET_NAME)";
				SWIFT_VERSION = 5.0;
				TARGETED_DEVICE_FAMILY = "1,2";
			};
			name = Debug;
		};
		5306189A25384A3400F65799 /* Release */ = {
			isa = XCBuildConfiguration;
			buildSettings = {
				ASSETCATALOG_COMPILER_APPICON_NAME = AppIcon;
				CODE_SIGN_STYLE = Automatic;
				INFOPLIST_FILE = "GitHub-Repos/Info.plist";
				LD_RUNPATH_SEARCH_PATHS = (
					"$(inherited)",
					"@executable_path/Frameworks",
				);
				PRODUCT_BUNDLE_IDENTIFIER = "me.Myronovych.Oleksandr.GitHub-Repos";
				PRODUCT_NAME = "$(TARGET_NAME)";
				SWIFT_VERSION = 5.0;
				TARGETED_DEVICE_FAMILY = "1,2";
			};
			name = Release;
		};
/* End XCBuildConfiguration section */

/* Begin XCConfigurationList section */
		5306187F25384A2F00F65799 /* Build configuration list for PBXProject "GitHub-Repos" */ = {
			isa = XCConfigurationList;
			buildConfigurations = (
				5306189625384A3400F65799 /* Debug */,
				5306189725384A3400F65799 /* Release */,
			);
			defaultConfigurationIsVisible = 0;
			defaultConfigurationName = Release;
		};
		5306189825384A3400F65799 /* Build configuration list for PBXNativeTarget "GitHub-Repos" */ = {
			isa = XCConfigurationList;
			buildConfigurations = (
				5306189925384A3400F65799 /* Debug */,
				5306189A25384A3400F65799 /* Release */,
			);
			defaultConfigurationIsVisible = 0;
			defaultConfigurationName = Release;
		};
/* End XCConfigurationList section */
	};
	rootObject = 5306187C25384A2F00F65799 /* Project object */;
}
